
Microsoft Visual Studio Solution File, Format Version 12.00
# Visual Studio Version 16
VisualStudioVersion = 16.0.30907.101
MinimumVisualStudioVersion = 10.0.40219.1
Project("{FAE04EC0-301F-11D3-BF4B-00C04F79EFBC}") = "ASPDotnetCoreWebApp", "ASPDotnetCoreWebApp\ASPDotnetCoreWebApp.csproj", "{8467985B-CC28-4FAC-9EE4-7F9A017EB0A3}"
EndProject
Global
	GlobalSection(SolutionConfigurationPlatforms) = preSolution
		Debug|Any CPU = Debug|Any CPU
		Release|Any CPU = Release|Any CPU
	EndGlobalSection
	GlobalSection(ProjectConfigurationPlatforms) = postSolution
		{8467985B-CC28-4FAC-9EE4-7F9A017EB0A3}.Debug|Any CPU.ActiveCfg = Debug|Any CPU
		{8467985B-CC28-4FAC-9EE4-7F9A017EB0A3}.Debug|Any CPU.Build.0 = Debug|Any CPU
		{8467985B-CC28-4FAC-9EE4-7F9A017EB0A3}.Release|Any CPU.ActiveCfg = Release|Any CPU
		{8467985B-CC28-4FAC-9EE4-7F9A017EB0A3}.Release|Any CPU.Build.0 = Release|Any CPU
	EndGlobalSection
	GlobalSection(SolutionProperties) = preSolution
		HideSolutionNode = FALSE
	EndGlobalSection
	GlobalSection(ExtensibilityGlobals) = postSolution
		SolutionGuid = {A719F40D-4025-4A1A-9FB3-91E1BD044916}
	EndGlobalSection
EndGlobal
